
Microsoft Visual Studio Solution File, Format Version 12.00
# Visual Studio Version 16
VisualStudioVersion = 16.0.32126.315
MinimumVisualStudioVersion = 10.0.40219.1
Project("{FAE04EC0-301F-11D3-BF4B-00C04F79EFBC}") = "Chat", "Chat\Chat.csproj", "{C788C8DD-6BE0-412F-8504-CAD597E1D66F}"
EndProject
Global
	GlobalSection(SolutionConfigurationPlatforms) = preSolution
		Debug|Any CPU = Debug|Any CPU
		Release|Any CPU = Release|Any CPU
	EndGlobalSection
	GlobalSection(ProjectConfigurationPlatforms) = postSolution
		{C788C8DD-6BE0-412F-8504-CAD597E1D66F}.Debug|Any CPU.ActiveCfg = Debug|Any CPU
		{C788C8DD-6BE0-412F-8504-CAD597E1D66F}.Debug|Any CPU.Build.0 = Debug|Any CPU
		{C788C8DD-6BE0-412F-8504-CAD597E1D66F}.Release|Any CPU.ActiveCfg = Release|Any CPU
		{C788C8DD-6BE0-412F-8504-CAD597E1D66F}.Release|Any CPU.Build.0 = Release|Any CPU
	EndGlobalSection
	GlobalSection(SolutionProperties) = preSolution
		HideSolutionNode = FALSE
	EndGlobalSection
	GlobalSection(ExtensibilityGlobals) = postSolution
		SolutionGuid = {56FC6081-5C49-4BE9-B4CE-67E3C15104B1}
	EndGlobalSection
EndGlobal
